# @generated - this file is auto-generated by `mise lock` https://mise.jdx.dev/dev-tools/mise-lock.html

lockfile_version = 1

[conda-packages.linux-arm64."_openmp_mutex-4.5-20_gnu"]
url = "https://conda.anaconda.org/conda-forge/linux-aarch64/_openmp_mutex-4.5-20_gnu.conda"
checksum = "sha256:a2527b1d81792a0ccd2c05850960df119c2b6d8f5fdec97f2db7d25dc23b1068"

[conda-packages.linux-arm64."clang-format-23-23.1.1-default_h01b09c7_0"]
url = "https://conda.anaconda.org/conda-forge/linux-aarch64/clang-format-23-23.1.1-default_h01b09c7_0.conda"
checksum = "sha256:baa817358714052718c70b7b7e9adeca5e7dfb5604bec67e856f5b376a43ba0f"

[conda-packages.linux-arm64."icu-78.3-py311h3512406_2"]
url = "https://conda.anaconda.org/conda-forge/linux-aarch64/icu-78.3-py311h3512406_2.conda"
checksum = "sha256:54d921defd947adb58a90e10203d3bfe6c1f209f5f1a1ad2c6a9f7617f2fb59e"

[conda-packages.linux-arm64."libclang-cpp23.1-23.1.1-default_h01b09c7_0"]
url = "https://conda.anaconda.org/conda-forge/linux-aarch64/libclang-cpp23.1-23.1.1-default_h01b09c7_0.conda"
checksum = "sha256:2e41cb9d1660731c028dcfe41f6759b33418a2c8fac51a1de0cbd1cb60323919"

[conda-packages.linux-arm64."libgcc-16.2.0-h205dda4_4"]
url = "https://conda.anaconda.org/conda-forge/linux-aarch64/libgcc-16.2.0-h205dda4_4.conda"
checksum = "sha256:a132d78d49d0fa0a08e9e2a77528a12d974e8e123bc32895c0bd0a737b8abd89"

[conda-packages.linux-arm64."libgomp-16.2.0-h8acb6b2_4"]
url = "https://conda.anaconda.org/conda-forge/linux-aarch64/libgomp-16.2.0-h8acb6b2_4.conda"
checksum = "sha256:6d216e6dc9a158b920f6e0c1dfdd6d77575bf79420dadf85d64576298ecb4503"

[conda-packages.linux-arm64."libiconv-1.18-h1ea5142_3"]
url = "https://conda.anaconda.org/conda-forge/linux-aarch64/libiconv-1.18-h1ea5142_3.conda"
checksum = "sha256:d22c666eb887afd2119aac2110e23a0e817e9391bda99293421f7c46dab1564c"

[conda-packages.linux-arm64."libllvm23-23.1.1-h680871c_0"]
url = "https://conda.anaconda.org/conda-forge/linux-aarch64/libllvm23-23.1.1-h680871c_0.conda"
checksum = "sha256:3da43ac0e2a07d4560b3fd31c5d39c9eb42b4fe6ee39f1d3ee8cbeeb4074c4ed"

[conda-packages.linux-arm64."liblzma-5.8.3-he30d5cf_1"]
url = "https://conda.anaconda.org/conda-forge/linux-aarch64/liblzma-5.8.3-he30d5cf_1.conda"
checksum = "sha256:f760669fd1cea27f689f411c0d5488e26ce50e382c9b63e4ad348f959850124a"

[conda-packages.linux-arm64."libstdcxx-16.2.0-hef695bb_4"]
url = "https://conda.anaconda.org/conda-forge/linux-aarch64/libstdcxx-16.2.0-hef695bb_4.conda"
checksum = "sha256:84d2b667bce6549325243235952110b1849ff2dfd7091a1479108930b88057d5"

[conda-packages.linux-arm64."libxml2-16-2.15.4-h2e5089f_0"]
url = "https://conda.anaconda.org/conda-forge/linux-aarch64/libxml2-16-2.15.4-h2e5089f_0.conda"
checksum = "sha256:58bf7fcf64bae7f624a5e2aed860ddea614a8ec13c8c43fe150420a275b8bdb5"

[conda-packages.linux-arm64."libxml2-2.15.4-h92b9305_0"]
url = "https://conda.anaconda.org/conda-forge/linux-aarch64/libxml2-2.15.4-h92b9305_0.conda"
checksum = "sha256:3345c88fa9ebb373bcf4069ede898950005fa2d1707e56a13a1ac6339919492f"

[conda-packages.linux-arm64."libzlib-1.3.2-hdc9db2a_3"]
url = "https://conda.anaconda.org/conda-forge/linux-aarch64/libzlib-1.3.2-hdc9db2a_3.conda"
checksum = "sha256:76efa6cc9d7e6f5ee3bbca0939f64054af2bdfb3c3632531f8e633cf6c2ea41e"

[conda-packages.linux-arm64."zstd-1.5.7-h9d15635_7"]
url = "https://conda.anaconda.org/conda-forge/linux-aarch64/zstd-1.5.7-h9d15635_7.conda"
checksum = "sha256:427fd14bcb3b8659796fecc682716617409350fb5a98e5b7b47558a10d1a2fc7"

[conda-packages.linux-x64."_openmp_mutex-4.5-20_gnu"]
url = "https://conda.anaconda.org/conda-forge/linux-64/_openmp_mutex-4.5-20_gnu.conda"
checksum = "sha256:1dd3fffd892081df9726d7eb7e0dea6198962ba775bd88842135a4ddb4deb3c9"

[conda-packages.linux-x64."clang-format-23-23.1.1-default_h0acdd01_0"]
url = "https://conda.anaconda.org/conda-forge/linux-64/clang-format-23-23.1.1-default_h0acdd01_0.conda"
checksum = "sha256:0c57982c9b2ecf772a3fb021bbc5d9c21343241e696f11d1134a3178b4a43678"

[conda-packages.linux-x64."libclang-cpp23.1-23.1.1-default_h0acdd01_0"]
url = "https://conda.anaconda.org/conda-forge/linux-64/libclang-cpp23.1-23.1.1-default_h0acdd01_0.conda"
checksum = "sha256:1a393452606eaed3192783a77acffffce6dec101f44bfa9f1c8b00da0e1b828b"

[conda-packages.linux-x64."libgcc-16.2.0-ha9f2e26_4"]
url = "https://conda.anaconda.org/conda-forge/linux-64/libgcc-16.2.0-ha9f2e26_4.conda"
checksum = "sha256:24090e675d34403b4ee1cd4372d8f6c0937da7ecfd66a19a57cac2ed0f4ea793"

[conda-packages.linux-x64."libgomp-16.2.0-he0feb66_4"]
url = "https://conda.anaconda.org/conda-forge/linux-64/libgomp-16.2.0-he0feb66_4.conda"
checksum = "sha256:0fe5cb8e0752241ab55e11656ed1b9726248b522d23b929fe7c95b83eb55b9bb"

[conda-packages.linux-x64."libiconv-1.18-h0cb94f2_3"]
url = "https://conda.anaconda.org/conda-forge/linux-64/libiconv-1.18-h0cb94f2_3.conda"
checksum = "sha256:f943117edb9cd4d9c61cc972eee5a34291dc55ea7a6e9e38da104995841cbcb6"

[conda-packages.linux-x64."libllvm23-23.1.1-h474f4eb_0"]
url = "https://conda.anaconda.org/conda-forge/linux-64/libllvm23-23.1.1-h474f4eb_0.conda"
checksum = "sha256:5c716beeb80cd420c37cb811102a9e76c66072f47ed319de1a931ecdd98c9e6b"

[conda-packages.linux-x64."liblzma-5.8.3-hb03c661_1"]
url = "https://conda.anaconda.org/conda-forge/linux-64/liblzma-5.8.3-hb03c661_1.conda"
checksum = "sha256:9787df8c22a59c9a70d3e5a10db9ad663485e75e9ccc3f09bd092cb7b95e0dab"

[conda-packages.linux-x64."libstdcxx-16.2.0-h934c35e_4"]
url = "https://conda.anaconda.org/conda-forge/linux-64/libstdcxx-16.2.0-h934c35e_4.conda"
checksum = "sha256:40b792b0186c1e8859280a1f6f19a54fc50a11b32724fc7b637009c1a9bd302b"

[conda-packages.linux-x64."libxml2-16-2.15.4-hbdfff7e_0"]
url = "https://conda.anaconda.org/conda-forge/linux-64/libxml2-16-2.15.4-hbdfff7e_0.conda"
checksum = "sha256:b6f96287c408269f5067bb4f7a61693ff5c856152902362964d9807152b9c146"

[conda-packages.linux-x64."libxml2-2.15.4-ha7a5771_0"]
url = "https://conda.anaconda.org/conda-forge/linux-64/libxml2-2.15.4-ha7a5771_0.conda"
checksum = "sha256:db52c038430a508656530fc7b5650ae3e2629875693a6a256cc48dec203f8bfe"

[conda-packages.linux-x64."libzlib-1.3.2-h25fd6f3_3"]
url = "https://conda.anaconda.org/conda-forge/linux-64/libzlib-1.3.2-h25fd6f3_3.conda"
checksum = "sha256:eb8a0db0aa570124f7d2a93d7c7f596e3390df5e047818d873baad32985fc736"

[conda-packages.linux-x64."zstd-1.5.7-hb78ec9c_7"]
url = "https://conda.anaconda.org/conda-forge/linux-64/zstd-1.5.7-hb78ec9c_7.conda"
checksum = "sha256:47d682b9f6d6ec9eb1a6e6c3e75ea6273e899e78fb7fc59f81d39745009fbc60"

[conda-packages.macos-arm64."clang-format-23-23.1.1-default_h79071a4_0"]
url = "https://conda.anaconda.org/conda-forge/osx-arm64/clang-format-23-23.1.1-default_h79071a4_0.conda"
checksum = "sha256:fc8bce793388fd4ac1c2e753c47d0f91c77f93a4cef6e85d96885b6ef7fa33eb"

[conda-packages.macos-arm64."icu-78.3-py310h579977c_2"]
url = "https://conda.anaconda.org/conda-forge/osx-arm64/icu-78.3-py310h579977c_2.conda"
checksum = "sha256:6cdb5dee54c72e56ab189fb3ad33cb28533553d42590e7e831160248f4416a43"

[conda-packages.macos-arm64."libclang-cpp23.1-23.1.1-default_h79071a4_0"]
url = "https://conda.anaconda.org/conda-forge/osx-arm64/libclang-cpp23.1-23.1.1-default_h79071a4_0.conda"
checksum = "sha256:d7415e85fad8c02d773089a4100e2b46d1742f9877c178f2f1e7c89cd943f058"

[conda-packages.macos-arm64."libcxx-23.1.1-h55c6f16_0"]
url = "https://conda.anaconda.org/conda-forge/osx-arm64/libcxx-23.1.1-h55c6f16_0.conda"
checksum = "sha256:3f902803f0fc2643a4f82ff15a06811d974ff5fb6fa8f957720a7ef84e13ad98"

[conda-packages.macos-arm64."libiconv-1.18-he4c29f2_3"]
url = "https://conda.anaconda.org/conda-forge/osx-arm64/libiconv-1.18-he4c29f2_3.conda"
checksum = "sha256:689a14968267f2f97c07112fca5636e7d756036b9aee969911267c20bd3eea1f"

[conda-packages.macos-arm64."libllvm23-23.1.1-h759d1ac_0"]
url = "https://conda.anaconda.org/conda-forge/osx-arm64/libllvm23-23.1.1-h759d1ac_0.conda"
checksum = "sha256:961455da4087a2e524268d388099d907664f169e7eada8b4754c750266f0ce83"

[conda-packages.macos-arm64."liblzma-5.8.3-h8088a28_1"]
url = "https://conda.anaconda.org/conda-forge/osx-arm64/liblzma-5.8.3-h8088a28_1.conda"
checksum = "sha256:23d0630046a3e8b164d8f80f2b74ed2605af2e7050ab9913018056402fae4311"

[conda-packages.macos-arm64."libxml2-16-2.15.4-heb56d2d_0"]
url = "https://conda.anaconda.org/conda-forge/osx-arm64/libxml2-16-2.15.4-heb56d2d_0.conda"
checksum = "sha256:8a26f7c94ab849c1930da36c298f4b82e892382b70ae865cd7274188d9d783e2"

[conda-packages.macos-arm64."libxml2-2.15.4-h550178d_0"]
url = "https://conda.anaconda.org/conda-forge/osx-arm64/libxml2-2.15.4-h550178d_0.conda"
checksum = "sha256:81217fcd4d4abdc69ee63cdb9cdb22e05a20b9ba7a76f596579914a838fe5960"

[conda-packages.macos-arm64."libzlib-1.3.2-h8088a28_3"]
url = "https://conda.anaconda.org/conda-forge/osx-arm64/libzlib-1.3.2-h8088a28_3.conda"
checksum = "sha256:a18fa5d5bac452401459f966cf0d872224e8080c4ff93c77e168d43ab42ef9d7"

[conda-packages.macos-arm64."zstd-1.5.7-hf451053_7"]
url = "https://conda.anaconda.org/conda-forge/osx-arm64/zstd-1.5.7-hf451053_7.conda"
checksum = "sha256:da867f5092eb0cb746d353694f0098031fd9817a4ce7d5743121209ae0f406ca"

[conda-packages.macos-x64."clang-format-23-23.1.1-default_h6e863b9_0"]
url = "https://conda.anaconda.org/conda-forge/osx-64/clang-format-23-23.1.1-default_h6e863b9_0.conda"
checksum = "sha256:4346ec1d1f86935193cd2744d8f3b7a997cbd4cfefb474747f1d34d0e912d8be"

[conda-packages.macos-x64."libclang-cpp23.1-23.1.1-default_h6e863b9_0"]
url = "https://conda.anaconda.org/conda-forge/osx-64/libclang-cpp23.1-23.1.1-default_h6e863b9_0.conda"
checksum = "sha256:3496171d030148f7037a4bf9c2747d437cb9863cbad7af61750adada9bce43bc"

[conda-packages.macos-x64."libcxx-23.1.1-h19cb2f5_0"]
url = "https://conda.anaconda.org/conda-forge/osx-64/libcxx-23.1.1-h19cb2f5_0.conda"
checksum = "sha256:b702c638bb8f0c6f0a5dd6941e77ca2309b73cd4e575d34b4c5b8e4d01996ccc"

[conda-packages.macos-x64."libiconv-1.18-h4ae439b_3"]
url = "https://conda.anaconda.org/conda-forge/osx-64/libiconv-1.18-h4ae439b_3.conda"
checksum = "sha256:2389e03a58ed0f5e8f2469eb4d4ba80d0af378b38854ae5eee65e5b641244082"

[conda-packages.macos-x64."libllvm23-23.1.1-hd11396f_0"]
url = "https://conda.anaconda.org/conda-forge/osx-64/libllvm23-23.1.1-hd11396f_0.conda"
checksum = "sha256:d5a382a60764f6070cb99281805948d1ed4cd217d5f83951ff34c8b83be0aea1"

[conda-packages.macos-x64."liblzma-5.8.3-hbb4bfdb_1"]
url = "https://conda.anaconda.org/conda-forge/osx-64/liblzma-5.8.3-hbb4bfdb_1.conda"
checksum = "sha256:7915dac7c71c208e40e716e2f6d3eff41a8d5584e0e7c2d46f9bf9bd5f9aa739"

[conda-packages.macos-x64."libxml2-16-2.15.4-h341e563_0"]
url = "https://conda.anaconda.org/conda-forge/osx-64/libxml2-16-2.15.4-h341e563_0.conda"
checksum = "sha256:bc284057b85e4a0ecc158598d81c3081fa58e9111969a05d3056ab7a8442c837"

[conda-packages.macos-x64."libxml2-2.15.4-h3668fe6_0"]
url = "https://conda.anaconda.org/conda-forge/osx-64/libxml2-2.15.4-h3668fe6_0.conda"
checksum = "sha256:9cf91223637981568c8fbd5c4dbbc1e6137592e919828554ae436bf259aa91d0"

[conda-packages.macos-x64."libzlib-1.3.2-hbb4bfdb_3"]
url = "https://conda.anaconda.org/conda-forge/osx-64/libzlib-1.3.2-hbb4bfdb_3.conda"
checksum = "sha256:b2dba286dd6632292b12296e761193b5ef9fb0eaeecaa481f5ba9af72c0c18e1"

[conda-packages.macos-x64."zstd-1.5.7-hbc1a06c_7"]
url = "https://conda.anaconda.org/conda-forge/osx-64/zstd-1.5.7-hbc1a06c_7.conda"
checksum = "sha256:5277886d9704a624dc9b79ac985861e1e431bdb39a57c082507ab577a138ec6c"

[[tools.clang-format]]
version = "23.1.1"
backend = "conda:clang-format"
specifiers = ["23.1.1"]

[tools.clang-format.options]
channel = "conda-forge"

[tools.clang-format."platforms.linux-arm64"]
checksum = "sha256:37842645e07b3849bf33f9bdb1cd8bb33e79929633eca4af07abe7cb27615e9e"
url = "https://conda.anaconda.org/conda-forge/linux-aarch64/clang-format-23.1.1-default_h89e4cda_0.conda"
conda_deps = [
    "clang-format-23-23.1.1-default_h01b09c7_0",
    "libclang-cpp23.1-23.1.1-default_h01b09c7_0",
    "libllvm23-23.1.1-h680871c_0",
    "libzlib-1.3.2-hdc9db2a_3",
    "libxml2-16-2.15.4-h2e5089f_0",
    "libxml2-2.15.4-h92b9305_0",
    "libstdcxx-16.2.0-hef695bb_4",
    "libgcc-16.2.0-h205dda4_4",
    "zstd-1.5.7-h9d15635_7",
    "_openmp_mutex-4.5-20_gnu",
    "libgomp-16.2.0-h8acb6b2_4",
    "icu-78.3-py311h3512406_2",
    "libiconv-1.18-h1ea5142_3",
    "liblzma-5.8.3-he30d5cf_1",
]

[tools.clang-format."platforms.linux-x64"]
checksum = "sha256:1daceaad87b9e60bd75d1a49123141b9cdaeaf784031d1c787f77fb9ab8da2ab"
url = "https://conda.anaconda.org/conda-forge/linux-64/clang-format-23.1.1-default_h77a3a2e_0.conda"
conda_deps = [
    "clang-format-23-23.1.1-default_h0acdd01_0",
    "libclang-cpp23.1-23.1.1-default_h0acdd01_0",
    "libllvm23-23.1.1-h474f4eb_0",
    "libxml2-16-2.15.4-hbdfff7e_0",
    "libxml2-2.15.4-ha7a5771_0",
    "libzlib-1.3.2-h25fd6f3_3",
    "libstdcxx-16.2.0-h934c35e_4",
    "libgcc-16.2.0-ha9f2e26_4",
    "zstd-1.5.7-hb78ec9c_7",
    "_openmp_mutex-4.5-20_gnu",
    "libgomp-16.2.0-he0feb66_4",
    "liblzma-5.8.3-hb03c661_1",
    "libiconv-1.18-h0cb94f2_3",
]

[tools.clang-format."platforms.macos-arm64"]
checksum = "sha256:7106991639abd4555f09540bc0c159e8f6cb9500a8bc7df564bd836314ac4662"
url = "https://conda.anaconda.org/conda-forge/osx-arm64/clang-format-23.1.1-default_h8321859_0.conda"
conda_deps = [
    "libcxx-23.1.1-h55c6f16_0",
    "clang-format-23-23.1.1-default_h79071a4_0",
    "libclang-cpp23.1-23.1.1-default_h79071a4_0",
    "libllvm23-23.1.1-h759d1ac_0",
    "libxml2-16-2.15.4-heb56d2d_0",
    "libxml2-2.15.4-h550178d_0",
    "libzlib-1.3.2-h8088a28_3",
    "zstd-1.5.7-hf451053_7",
    "liblzma-5.8.3-h8088a28_1",
    "icu-78.3-py310h579977c_2",
    "libiconv-1.18-he4c29f2_3",
]

[tools.clang-format."platforms.macos-x64"]
checksum = "sha256:52ff516d013057ecc9069e0267f58f6511c735b61e5812866f89ceb4c83afa50"
url = "https://conda.anaconda.org/conda-forge/osx-64/clang-format-23.1.1-default_h44d9c5b_0.conda"
conda_deps = [
    "libcxx-23.1.1-h19cb2f5_0",
    "clang-format-23-23.1.1-default_h6e863b9_0",
    "libclang-cpp23.1-23.1.1-default_h6e863b9_0",
    "libllvm23-23.1.1-hd11396f_0",
    "libzlib-1.3.2-hbb4bfdb_3",
    "libxml2-16-2.15.4-h341e563_0",
    "libxml2-2.15.4-h3668fe6_0",
    "zstd-1.5.7-hbc1a06c_7",
    "liblzma-5.8.3-hbb4bfdb_1",
    "libiconv-1.18-h4ae439b_3",
]

[[tools.cmake]]
version = "4.4.3"
backend = "aqua:Kitware/CMake"
specifiers = ["4.4.3"]

[tools.cmake."platforms.linux-arm64"]
checksum = "sha256:2efc974dbd63b4444c0e8494b92f2e80c2d7e635b4b80eac2916985ddd8f72a6"
url = "https://github.com/Kitware/CMake/releases/download/v4.4.3/cmake-4.4.3-linux-aarch64.tar.gz"
url_api = "https://api.github.com/repos/Kitware/CMake/releases/assets/529577299"

[tools.cmake."platforms.linux-x64"]
checksum = "sha256:d6c83076c575bc00b823522ac974bda66d0af05d6ddc30e739c12385cf32c6cc"
url = "https://github.com/Kitware/CMake/releases/download/v4.4.3/cmake-4.4.3-linux-x86_64.tar.gz"
url_api = "https://api.github.com/repos/Kitware/CMake/releases/assets/529577408"

[tools.cmake."platforms.macos-arm64"]
checksum = "sha256:0c5d65251c14cc884bfa16bdbed3c263ce5bffe2e21c0d0d00962cb0610464fa"
url = "https://github.com/Kitware/CMake/releases/download/v4.4.3/cmake-4.4.3-macos-universal.tar.gz"
url_api = "https://api.github.com/repos/Kitware/CMake/releases/assets/529577557"

[tools.cmake."platforms.macos-x64"]
checksum = "sha256:0c5d65251c14cc884bfa16bdbed3c263ce5bffe2e21c0d0d00962cb0610464fa"
url = "https://github.com/Kitware/CMake/releases/download/v4.4.3/cmake-4.4.3-macos-universal.tar.gz"
url_api = "https://api.github.com/repos/Kitware/CMake/releases/assets/529577557"

[[tools.java]]
version = "zulu-17.68.203.0"
backend = "core:java"
specifiers = ["zulu-17.68.203.0"]

[tools.java."platforms.linux-arm64"]
checksum = "sha256:aa10cb26f73fb1b50dcd72a51851f7eedaf75cb5c18760e521884f96c98defd2"
url = "https://cdn.azul.com/zulu/bin/zulu17.68.203-ca-jdk17.0.20.1-linux_aarch64.tar.gz"

[tools.java."platforms.linux-x64"]
checksum = "sha256:4ef843383724c7cee278b90aabe41c9ae172a3b2584ab0e086857bb536ef060f"
url = "https://cdn.azul.com/zulu/bin/zulu17.68.203-ca-jdk17.0.20.1-linux_x64.tar.gz"

[tools.java."platforms.macos-arm64"]
checksum = "sha256:ed54397260c5994b2fc4e31c780f480b947e6532bc6a5ac7754355d5dd4c127d"
url = "https://cdn.azul.com/zulu/bin/zulu17.68.203-ca-jdk17.0.20.1-macosx_aarch64.tar.gz"

[tools.java."platforms.macos-x64"]
checksum = "sha256:ec1f9c98a9c1304230af23c565a3592c48314409e82ead75e3a98ee4fc94336f"
url = "https://cdn.azul.com/zulu/bin/zulu17.68.203-ca-jdk17.0.20.1-macosx_x64.tar.gz"

[[tools.ninja]]
version = "1.13.2"
backend = "aqua:ninja-build/ninja"
specifiers = ["1.13.2"]

[tools.ninja."platforms.linux-arm64"]
checksum = "sha256:fd2cacc8050a7f12a16a2e48f9e06fca5c14fc4c2bee2babb67b58be17a607fc"
url = "https://github.com/ninja-build/ninja/releases/download/v1.13.2/ninja-linux-aarch64.zip"
url_api = "https://api.github.com/repos/ninja-build/ninja/releases/assets/318864579"

[tools.ninja."platforms.linux-x64"]
checksum = "sha256:5749cbc4e668273514150a80e387a957f933c6ed3f5f11e03fb30955e2bbead6"
url = "https://github.com/ninja-build/ninja/releases/download/v1.13.2/ninja-linux.zip"
url_api = "https://api.github.com/repos/ninja-build/ninja/releases/assets/318865358"

[tools.ninja."platforms.macos-arm64"]
checksum = "sha256:c99048673aa765960a99cf10c6ddb9f1fad506099ff0a0e137ad8960a88f321b"
url = "https://github.com/ninja-build/ninja/releases/download/v1.13.2/ninja-mac.zip"
url_api = "https://api.github.com/repos/ninja-build/ninja/releases/assets/318863524"

[tools.ninja."platforms.macos-x64"]
checksum = "sha256:c99048673aa765960a99cf10c6ddb9f1fad506099ff0a0e137ad8960a88f321b"
url = "https://github.com/ninja-build/ninja/releases/download/v1.13.2/ninja-mac.zip"
url_api = "https://api.github.com/repos/ninja-build/ninja/releases/assets/318863524"

[[tools.shellcheck]]
version = "0.11.0"
backend = "aqua:koalaman/shellcheck"
specifiers = ["0.11.0"]

[tools.shellcheck."platforms.linux-arm64"]
checksum = "sha256:12b331c1d2db6b9eb13cfca64306b1b157a86eb69db83023e261eaa7e7c14588"
url = "https://github.com/koalaman/shellcheck/releases/download/v0.11.0/shellcheck-v0.11.0.linux.aarch64.tar.xz"
url_api = "https://api.github.com/repos/koalaman/shellcheck/releases/assets/279056934"

[tools.shellcheck."platforms.linux-x64"]
checksum = "sha256:8c3be12b05d5c177a04c29e3c78ce89ac86f1595681cab149b65b97c4e227198"
url = "https://github.com/koalaman/shellcheck/releases/download/v0.11.0/shellcheck-v0.11.0.linux.x86_64.tar.xz"
url_api = "https://api.github.com/repos/koalaman/shellcheck/releases/assets/279056942"

[tools.shellcheck."platforms.macos-arm64"]
checksum = "sha256:56affdd8de5527894dca6dc3d7e0a99a873b0f004d7aabc30ae407d3f48b0a79"
url = "https://github.com/koalaman/shellcheck/releases/download/v0.11.0/shellcheck-v0.11.0.darwin.aarch64.tar.xz"
url_api = "https://api.github.com/repos/koalaman/shellcheck/releases/assets/279056932"

[tools.shellcheck."platforms.macos-x64"]
checksum = "sha256:3c89db4edcab7cf1c27bff178882e0f6f27f7afdf54e859fa041fca10febe4c6"
url = "https://github.com/koalaman/shellcheck/releases/download/v0.11.0/shellcheck-v0.11.0.darwin.x86_64.tar.xz"
url_api = "https://api.github.com/repos/koalaman/shellcheck/releases/assets/279056930"

[[tools.shfmt]]
version = "3.14.0"
backend = "aqua:mvdan/sh"
specifiers = ["3.14.0"]

[tools.shfmt."platforms.linux-arm64"]
checksum = "sha256:8029959a945b5c6f2bc92ce53fca5cf0384c811cc0884b25b196a093a005657a"
url = "https://github.com/mvdan/sh/releases/download/v3.14.0/shfmt_v3.14.0_linux_arm64"
url_api = "https://api.github.com/repos/mvdan/sh/releases/assets/534119958"

[tools.shfmt."platforms.linux-x64"]
checksum = "sha256:fe42021c7272ef2d67ea36cbc3031683c625d0badec733ef3a57b567246a0b66"
url = "https://github.com/mvdan/sh/releases/download/v3.14.0/shfmt_v3.14.0_linux_amd64"
url_api = "https://api.github.com/repos/mvdan/sh/releases/assets/534119985"

[tools.shfmt."platforms.macos-arm64"]
checksum = "sha256:4710ba8074a74334069719d5b82f8cb97532e5623bfe43ef7cdb3442101b9cb2"
url = "https://github.com/mvdan/sh/releases/download/v3.14.0/shfmt_v3.14.0_darwin_arm64"
url_api = "https://api.github.com/repos/mvdan/sh/releases/assets/534120008"

[tools.shfmt."platforms.macos-x64"]
checksum = "sha256:74255a8087d74a79f5c1307db807e7efa8f062c429e3a05c075550392e0dcfa1"
url = "https://github.com/mvdan/sh/releases/download/v3.14.0/shfmt_v3.14.0_darwin_amd64"
url_api = "https://api.github.com/repos/mvdan/sh/releases/assets/534120026"
